
Microsoft Visual Studio Solution File, Format Version 12.00
# Visual Studio 14
VisualStudioVersion = 14.0.25420.1
MinimumVisualStudioVersion = 10.0.40219.1
Project("{FAE04EC0-301F-11D3-BF4B-00C04F79EFBC}") = "BuildHouse", "BuildHouse\BuildHouse.csproj", "{A8E52045-C73C-416F-B364-F48EB70DD193}"
EndProject
Project("{FAE04EC0-301F-11D3-BF4B-00C04F79EFBC}") = "HomeBuilding.Lib", "HomeBuilding.Lib\HomeBuilding.Lib.csproj", "{9462F094-E2AD-4D2B-85CD-E952A77B1937}"
EndProject
Global
	GlobalSection(SolutionConfigurationPlatforms) = preSolution
		Debug|Any CPU = Debug|Any CPU
		Release|Any CPU = Release|Any CPU
	EndGlobalSection
	GlobalSection(ProjectConfigurationPlatforms) = postSolution
		{A8E52045-C73C-416F-B364-F48EB70DD193}.Debug|Any CPU.ActiveCfg = Debug|Any CPU
		{A8E52045-C73C-416F-B364-F48EB70DD193}.Debug|Any CPU.Build.0 = Debug|Any CPU
		{A8E52045-C73C-416F-B364-F48EB70DD193}.Release|Any CPU.ActiveCfg = Release|Any CPU
		{A8E52045-C73C-416F-B364-F48EB70DD193}.Release|Any CPU.Build.0 = Release|Any CPU
		{9462F094-E2AD-4D2B-85CD-E952A77B1937}.Debug|Any CPU.ActiveCfg = Debug|Any CPU
		{9462F094-E2AD-4D2B-85CD-E952A77B1937}.Debug|Any CPU.Build.0 = Debug|Any CPU
		{9462F094-E2AD-4D2B-85CD-E952A77B1937}.Release|Any CPU.ActiveCfg = Release|Any CPU
		{9462F094-E2AD-4D2B-85CD-E952A77B1937}.Release|Any CPU.Build.0 = Release|Any CPU
	EndGlobalSection
	GlobalSection(SolutionProperties) = preSolution
		HideSolutionNode = FALSE
	EndGlobalSection
EndGlobal
